// !$*UTF8*$!
{
	archiveVersion = 1;
	classes = {
	};
	objectVersion = 50;
	objects = {

/* Begin PBXBuildFile section */
		B52B52A123E0292A005563F6 /* DiaryThumbnail.swift in Sources */ = {isa = PBXBuildFile; fileRef = B52B52A023E0292A005563F6 /* DiaryThumbnail.swift */; };
		B52B52A323E03959005563F6 /* TodayCardButton.swift in Sources */ = {isa = PBXBuildFile; fileRef = B52B52A223E03959005563F6 /* TodayCardButton.swift */; };
		B52B52A623E03D6C005563F6 /* SiriShortCutsNames.swift in Sources */ = {isa = PBXBuildFile; fileRef = B52B52A523E03D6C005563F6 /* SiriShortCutsNames.swift */; };
		B538B8D023E04103003598C2 /* OnAppearCheck.swift in Sources */ = {isa = PBXBuildFile; fileRef = B538B8CF23E04103003598C2 /* OnAppearCheck.swift */; };
		B538B8D223E05045003598C2 /* TodayCardThumbnail.swift in Sources */ = {isa = PBXBuildFile; fileRef = B538B8D123E05045003598C2 /* TodayCardThumbnail.swift */; };
		B541A03523E191B6009B79AA /* LocationThumbailTodayCard.swift in Sources */ = {isa = PBXBuildFile; fileRef = B541A03423E191B6009B79AA /* LocationThumbailTodayCard.swift */; };
		B544C73223E147E3009127F5 /* Colours.swift in Sources */ = {isa = PBXBuildFile; fileRef = B544C73123E147E3009127F5 /* Colours.swift */; };
		B544C73523E15287009127F5 /* FloatingButton.swift in Sources */ = {isa = PBXBuildFile; fileRef = B544C73423E15287009127F5 /* FloatingButton.swift */; };
		B544C73823E159D1009127F5 /* FloatButtonData.swift in Sources */ = {isa = PBXBuildFile; fileRef = B544C73723E159D1009127F5 /* FloatButtonData.swift */; };
		B544C73A23E16AA5009127F5 /* LocationSearch.swift in Sources */ = {isa = PBXBuildFile; fileRef = B544C73923E16AA5009127F5 /* LocationSearch.swift */; };
		B544C73C23E16AE3009127F5 /* FetchPlacesClass.swift in Sources */ = {isa = PBXBuildFile; fileRef = B544C73B23E16AE3009127F5 /* FetchPlacesClass.swift */; };
		B544C73E23E16B9A009127F5 /* LocationManager.swift in Sources */ = {isa = PBXBuildFile; fileRef = B544C73D23E16B9A009127F5 /* LocationManager.swift */; };
		B544C74023E16CB3009127F5 /* LocationResultModel.swift in Sources */ = {isa = PBXBuildFile; fileRef = B544C73F23E16CB3009127F5 /* LocationResultModel.swift */; };
		B544C74223E16D21009127F5 /* PermissionDenied.swift in Sources */ = {isa = PBXBuildFile; fileRef = B544C74123E16D21009127F5 /* PermissionDenied.swift */; };
		B587119623E1CA75001DE6D9 /* ContactsFetcher.swift in Sources */ = {isa = PBXBuildFile; fileRef = B587119523E1CA75001DE6D9 /* ContactsFetcher.swift */; };
		B587119823E1CB89001DE6D9 /* ContactSearch.swift in Sources */ = {isa = PBXBuildFile; fileRef = B587119723E1CB89001DE6D9 /* ContactSearch.swift */; };
		B587119A23E1CC09001DE6D9 /* Extensions.swift in Sources */ = {isa = PBXBuildFile; fileRef = B587119923E1CC09001DE6D9 /* Extensions.swift */; };
		B587119C23E1CC9F001DE6D9 /* ContactRow.swift in Sources */ = {isa = PBXBuildFile; fileRef = B587119B23E1CC9F001DE6D9 /* ContactRow.swift */; };
		B587119E23E1E4F6001DE6D9 /* ContactThumbnailTodayCard.swift in Sources */ = {isa = PBXBuildFile; fileRef = B587119D23E1E4F6001DE6D9 /* ContactThumbnailTodayCard.swift */; };
		B5EF098D23E097F000EB5DEC /* TodayCard.swift in Sources */ = {isa = PBXBuildFile; fileRef = B5EF098C23E097F000EB5DEC /* TodayCard.swift */; };
		B5EF099023E099A900EB5DEC /* TextView.swift in Sources */ = {isa = PBXBuildFile; fileRef = B5EF098F23E099A900EB5DEC /* TextView.swift */; };
		B5FED25B23E019D4005D5F0B /* AppDelegate.swift in Sources */ = {isa = PBXBuildFile; fileRef = B5FED25A23E019D4005D5F0B /* AppDelegate.swift */; };
		B5FED25D23E019D4005D5F0B /* SceneDelegate.swift in Sources */ = {isa = PBXBuildFile; fileRef = B5FED25C23E019D4005D5F0B /* SceneDelegate.swift */; };
		B5FED26023E019D4005D5F0B /* iDiary.xcdatamodeld in Sources */ = {isa = PBXBuildFile; fileRef = B5FED25E23E019D4005D5F0B /* iDiary.xcdatamodeld */; };
		B5FED26223E019D5005D5F0B /* HomeDiary.swift in Sources */ = {isa = PBXBuildFile; fileRef = B5FED26123E019D5005D5F0B /* HomeDiary.swift */; };
		B5FED26423E019DC005D5F0B /* Assets.xcassets in Resources */ = {isa = PBXBuildFile; fileRef = B5FED26323E019DC005D5F0B /* Assets.xcassets */; };
		B5FED26723E019DC005D5F0B /* Preview Assets.xcassets in Resources */ = {isa = PBXBuildFile; fileRef = B5FED26623E019DC005D5F0B /* Preview Assets.xcassets */; };
		B5FED26A23E019DC005D5F0B /* LaunchScreen.storyboard in Resources */ = {isa = PBXBuildFile; fileRef = B5FED26823E019DC005D5F0B /* LaunchScreen.storyboard */; };
		B5FED27523E019DD005D5F0B /* iDiaryTests.swift in Sources */ = {isa = PBXBuildFile; fileRef = B5FED27423E019DD005D5F0B /* iDiaryTests.swift */; };
		B5FED28023E019DD005D5F0B /* iDiaryUITests.swift in Sources */ = {isa = PBXBuildFile; fileRef = B5FED27F23E019DD005D5F0B /* iDiaryUITests.swift */; };
		B5FED28F23E01EF0005D5F0B /* Diary.swift in Sources */ = {isa = PBXBuildFile; fileRef = B5FED28E23E01EF0005D5F0B /* Diary.swift */; };
		B5FED29123E0214F005D5F0B /* Contact.swift in Sources */ = {isa = PBXBuildFile; fileRef = B5FED29023E0214F005D5F0B /* Contact.swift */; };
		B5FED29323E021D4005D5F0B /* Photo.swift in Sources */ = {isa = PBXBuildFile; fileRef = B5FED29223E021D4005D5F0B /* Photo.swift */; };
		B5FED29523E0224D005D5F0B /* Location.swift in Sources */ = {isa = PBXBuildFile; fileRef = B5FED29423E0224D005D5F0B /* Location.swift */; };
/* End PBXBuildFile section */

/* Begin PBXContainerItemProxy section */
		B5FED27123E019DD005D5F0B /* PBXContainerItemProxy */ = {
			isa = PBXContainerItemProxy;
			containerPortal = B5FED24F23E019D1005D5F0B /* Project object */;
			proxyType = 1;
			remoteGlobalIDString = B5FED25623E019D3005D5F0B;
			remoteInfo = iDiary;
		};
		B5FED27C23E019DD005D5F0B /* PBXContainerItemProxy */ = {
			isa = PBXContainerItemProxy;
			containerPortal = B5FED24F23E019D1005D5F0B /* Project object */;
			proxyType = 1;
			remoteGlobalIDString = B5FED25623E019D3005D5F0B;
			remoteInfo = iDiary;
		};
/* End PBXContainerItemProxy section */

/* Begin PBXFileReference section */
		B52B52A023E0292A005563F6 /* DiaryThumbnail.swift */ = {isa = PBXFileReference; lastKnownFileType = sourcecode.swift; path = DiaryThumbnail.swift; sourceTree = "<group>"; };
		B52B52A223E03959005563F6 /* TodayCardButton.swift */ = {isa = PBXFileReference; lastKnownFileType = sourcecode.swift; path = TodayCardButton.swift; sourceTree = "<group>"; };
		B52B52A523E03D6C005563F6 /* SiriShortCutsNames.swift */ = {isa = PBXFileReference; lastKnownFileType = sourcecode.swift; path = SiriShortCutsNames.swift; sourceTree = "<group>"; };
		B538B8CF23E04103003598C2 /* OnAppearCheck.swift */ = {isa = PBXFileReference; lastKnownFileType = sourcecode.swift; path = OnAppearCheck.swift; sourceTree = "<group>"; };
		B538B8D123E05045003598C2 /* TodayCardThumbnail.swift */ = {isa = PBXFileReference; lastKnownFileType = sourcecode.swift; path = TodayCardThumbnail.swift; sourceTree = "<group>"; };
		B541A03423E191B6009B79AA /* LocationThumbailTodayCard.swift */ = {isa = PBXFileReference; lastKnownFileType = sourcecode.swift; path = LocationThumbailTodayCard.swift; sourceTree = "<group>"; };
		B544C73123E147E3009127F5 /* Colours.swift */ = {isa = PBXFileReference; lastKnownFileType = sourcecode.swift; path = Colours.swift; sourceTree = "<group>"; };
		B544C73423E15287009127F5 /* FloatingButton.swift */ = {isa = PBXFileReference; lastKnownFileType = sourcecode.swift; path = FloatingButton.swift; sourceTree = "<group>"; };
		B544C73723E159D1009127F5 /* FloatButtonData.swift */ = {isa = PBXFileReference; lastKnownFileType = sourcecode.swift; path = FloatButtonData.swift; sourceTree = "<group>"; };
		B544C73923E16AA5009127F5 /* LocationSearch.swift */ = {isa = PBXFileReference; lastKnownFileType = sourcecode.swift; path = LocationSearch.swift; sourceTree = "<group>"; };
		B544C73B23E16AE3009127F5 /* FetchPlacesClass.swift */ = {isa = PBXFileReference; lastKnownFileType = sourcecode.swift; path = FetchPlacesClass.swift; sourceTree = "<group>"; };
		B544C73D23E16B9A009127F5 /* LocationManager.swift */ = {isa = PBXFileReference; lastKnownFileType = sourcecode.swift; path = LocationManager.swift; sourceTree = "<group>"; };
		B544C73F23E16CB3009127F5 /* LocationResultModel.swift */ = {isa = PBXFileReference; lastKnownFileType = sourcecode.swift; path = LocationResultModel.swift; sourceTree = "<group>"; };
		B544C74123E16D21009127F5 /* PermissionDenied.swift */ = {isa = PBXFileReference; lastKnownFileType = sourcecode.swift; path = PermissionDenied.swift; sourceTree = "<group>"; };
		B587119523E1CA75001DE6D9 /* ContactsFetcher.swift */ = {isa = PBXFileReference; lastKnownFileType = sourcecode.swift; path = ContactsFetcher.swift; sourceTree = "<group>"; };
		B587119723E1CB89001DE6D9 /* ContactSearch.swift */ = {isa = PBXFileReference; lastKnownFileType = sourcecode.swift; path = ContactSearch.swift; sourceTree = "<group>"; };
		B587119923E1CC09001DE6D9 /* Extensions.swift */ = {isa = PBXFileReference; lastKnownFileType = sourcecode.swift; path = Extensions.swift; sourceTree = "<group>"; };
		B587119B23E1CC9F001DE6D9 /* ContactRow.swift */ = {isa = PBXFileReference; lastKnownFileType = sourcecode.swift; path = ContactRow.swift; sourceTree = "<group>"; };
		B587119D23E1E4F6001DE6D9 /* ContactThumbnailTodayCard.swift */ = {isa = PBXFileReference; lastKnownFileType = sourcecode.swift; path = ContactThumbnailTodayCard.swift; sourceTree = "<group>"; };
		B5EF098C23E097F000EB5DEC /* TodayCard.swift */ = {isa = PBXFileReference; lastKnownFileType = sourcecode.swift; path = TodayCard.swift; sourceTree = "<group>"; };
		B5EF098F23E099A900EB5DEC /* TextView.swift */ = {isa = PBXFileReference; lastKnownFileType = sourcecode.swift; path = TextView.swift; sourceTree = "<group>"; };
		B5FED25723E019D4005D5F0B /* iDiary.app */ = {isa = PBXFileReference; explicitFileType = wrapper.application; includeInIndex = 0; path = iDiary.app; sourceTree = BUILT_PRODUCTS_DIR; };
		B5FED25A23E019D4005D5F0B /* AppDelegate.swift */ = {isa = PBXFileReference; lastKnownFileType = sourcecode.swift; path = AppDelegate.swift; sourceTree = "<group>"; };
		B5FED25C23E019D4005D5F0B /* SceneDelegate.swift */ = {isa = PBXFileReference; lastKnownFileType = sourcecode.swift; path = SceneDelegate.swift; sourceTree = "<group>"; };
		B5FED25F23E019D4005D5F0B /* iDiary.xcdatamodel */ = {isa = PBXFileReference; lastKnownFileType = wrapper.xcdatamodel; path = iDiary.xcdatamodel; sourceTree = "<group>"; };
		B5FED26123E019D5005D5F0B /* HomeDiary.swift */ = {isa = PBXFileReference; lastKnownFileType = sourcecode.swift; path = HomeDiary.swift; sourceTree = "<group>"; };
		B5FED26323E019DC005D5F0B /* Assets.xcassets */ = {isa = PBXFileReference; lastKnownFileType = folder.assetcatalog; path = Assets.xcassets; sourceTree = "<group>"; };
		B5FED26623E019DC005D5F0B /* Preview Assets.xcassets */ = {isa = PBXFileReference; lastKnownFileType = folder.assetcatalog; path = "Preview Assets.xcassets"; sourceTree = "<group>"; };
		B5FED26923E019DC005D5F0B /* Base */ = {isa = PBXFileReference; lastKnownFileType = file.storyboard; name = Base; path = Base.lproj/LaunchScreen.storyboard; sourceTree = "<group>"; };
		B5FED26B23E019DC005D5F0B /* Info.plist */ = {isa = PBXFileReference; lastKnownFileType = text.plist.xml; path = Info.plist; sourceTree = "<group>"; };
		B5FED27023E019DD005D5F0B /* iDiaryTests.xctest */ = {isa = PBXFileReference; explicitFileType = wrapper.cfbundle; includeInIndex = 0; path = iDiaryTests.xctest; sourceTree = BUILT_PRODUCTS_DIR; };
		B5FED27423E019DD005D5F0B /* iDiaryTests.swift */ = {isa = PBXFileReference; lastKnownFileType = sourcecode.swift; path = iDiaryTests.swift; sourceTree = "<group>"; };
		B5FED27623E019DD005D5F0B /* Info.plist */ = {isa = PBXFileReference; lastKnownFileType = text.plist.xml; path = Info.plist; sourceTree = "<group>"; };
		B5FED27B23E019DD005D5F0B /* iDiaryUITests.xctest */ = {isa = PBXFileReference; explicitFileType = wrapper.cfbundle; includeInIndex = 0; path = iDiaryUITests.xctest; sourceTree = BUILT_PRODUCTS_DIR; };
		B5FED27F23E019DD005D5F0B /* iDiaryUITests.swift */ = {isa = PBXFileReference; lastKnownFileType = sourcecode.swift; path = iDiaryUITests.swift; sourceTree = "<group>"; };
		B5FED28123E019DD005D5F0B /* Info.plist */ = {isa = PBXFileReference; lastKnownFileType = text.plist.xml; path = Info.plist; sourceTree = "<group>"; };
		B5FED28E23E01EF0005D5F0B /* Diary.swift */ = {isa = PBXFileReference; lastKnownFileType = sourcecode.swift; path = Diary.swift; sourceTree = "<group>"; };
		B5FED29023E0214F005D5F0B /* Contact.swift */ = {isa = PBXFileReference; lastKnownFileType = sourcecode.swift; path = Contact.swift; sourceTree = "<group>"; };
		B5FED29223E021D4005D5F0B /* Photo.swift */ = {isa = PBXFileReference; lastKnownFileType = sourcecode.swift; path = Photo.swift; sourceTree = "<group>"; };
		B5FED29423E0224D005D5F0B /* Location.swift */ = {isa = PBXFileReference; lastKnownFileType = sourcecode.swift; path = Location.swift; sourceTree = "<group>"; };
/* End PBXFileReference section */

/* Begin PBXFrameworksBuildPhase section */
		B5FED25423E019D3005D5F0B /* Frameworks */ = {
			isa = PBXFrameworksBuildPhase;
			buildActionMask = 2147483647;
			files = (
			);
			runOnlyForDeploymentPostprocessing = 0;
		};
		B5FED26D23E019DD005D5F0B /* Frameworks */ = {
			isa = PBXFrameworksBuildPhase;
			buildActionMask = 2147483647;
			files = (
			);
			runOnlyForDeploymentPostprocessing = 0;
		};
		B5FED27823E019DD005D5F0B /* Frameworks */ = {
			isa = PBXFrameworksBuildPhase;
			buildActionMask = 2147483647;
			files = (
			);
			runOnlyForDeploymentPostprocessing = 0;
		};
/* End PBXFrameworksBuildPhase section */

/* Begin PBXGroup section */
		B52B52A423E03D42005563F6 /* HelperClasses */ = {
			isa = PBXGroup;
			children = (
				B52B52A523E03D6C005563F6 /* SiriShortCutsNames.swift */,
				B538B8CF23E04103003598C2 /* OnAppearCheck.swift */,
				B544C73B23E16AE3009127F5 /* FetchPlacesClass.swift */,
				B544C73D23E16B9A009127F5 /* LocationManager.swift */,
				B587119523E1CA75001DE6D9 /* ContactsFetcher.swift */,
			);
			path = HelperClasses;
			sourceTree = "<group>";
		};
		B544C73023E147C9009127F5 /* res */ = {
			isa = PBXGroup;
			children = (
				B544C73123E147E3009127F5 /* Colours.swift */,
				B587119923E1CC09001DE6D9 /* Extensions.swift */,
			);
			path = res;
			sourceTree = "<group>";
		};
		B544C73323E15274009127F5 /* CustomControlls */ = {
			isa = PBXGroup;
			children = (
				B544C73423E15287009127F5 /* FloatingButton.swift */,
			);
			path = CustomControlls;
			sourceTree = "<group>";
		};
		B544C73623E159BB009127F5 /* Models */ = {
			isa = PBXGroup;
			children = (
				B544C73723E159D1009127F5 /* FloatButtonData.swift */,
			);
			path = Models;
			sourceTree = "<group>";
		};
		B5EF098E23E0998E00EB5DEC /* HostingControllers */ = {
			isa = PBXGroup;
			children = (
				B5EF098F23E099A900EB5DEC /* TextView.swift */,
			);
			path = HostingControllers;
			sourceTree = "<group>";
		};
		B5FED24E23E019D0005D5F0B = {
			isa = PBXGroup;
			children = (
				B5FED25923E019D4005D5F0B /* iDiary */,
				B5FED27323E019DD005D5F0B /* iDiaryTests */,
				B5FED27E23E019DD005D5F0B /* iDiaryUITests */,
				B5FED25823E019D4005D5F0B /* Products */,
			);
			sourceTree = "<group>";
		};
		B5FED25823E019D4005D5F0B /* Products */ = {
			isa = PBXGroup;
			children = (
				B5FED25723E019D4005D5F0B /* iDiary.app */,
				B5FED27023E019DD005D5F0B /* iDiaryTests.xctest */,
				B5FED27B23E019DD005D5F0B /* iDiaryUITests.xctest */,
			);
			name = Products;
			sourceTree = "<group>";
		};
		B5FED25923E019D4005D5F0B /* iDiary */ = {
			isa = PBXGroup;
			children = (
				B544C73623E159BB009127F5 /* Models */,
				B544C73323E15274009127F5 /* CustomControlls */,
				B544C73023E147C9009127F5 /* res */,
				B5EF098E23E0998E00EB5DEC /* HostingControllers */,
				B52B52A423E03D42005563F6 /* HelperClasses */,
				B5FED29723E0266A005D5F0B /* SubViews */,
				B5FED29623E0265B005D5F0B /* Views */,
				B5FED28D23E01ECF005D5F0B /* CoreDataModels */,
				B5FED25A23E019D4005D5F0B /* AppDelegate.swift */,
				B5FED25C23E019D4005D5F0B /* SceneDelegate.swift */,
				B5FED26323E019DC005D5F0B /* Assets.xcassets */,
				B5FED26823E019DC005D5F0B /* LaunchScreen.storyboard */,
				B5FED26B23E019DC005D5F0B /* Info.plist */,
				B5FED25E23E019D4005D5F0B /* iDiary.xcdatamodeld */,
				B5FED26523E019DC005D5F0B /* Preview Content */,
			);
			path = iDiary;
			sourceTree = "<group>";
		};
		B5FED26523E019DC005D5F0B /* Preview Content */ = {
			isa = PBXGroup;
			children = (
				B5FED26623E019DC005D5F0B /* Preview Assets.xcassets */,
			);
			path = "Preview Content";
			sourceTree = "<group>";
		};
		B5FED27323E019DD005D5F0B /* iDiaryTests */ = {
			isa = PBXGroup;
			children = (
				B5FED27423E019DD005D5F0B /* iDiaryTests.swift */,
				B5FED27623E019DD005D5F0B /* Info.plist */,
			);
			path = iDiaryTests;
			sourceTree = "<group>";
		};
		B5FED27E23E019DD005D5F0B /* iDiaryUITests */ = {
			isa = PBXGroup;
			children = (
				B5FED27F23E019DD005D5F0B /* iDiaryUITests.swift */,
				B5FED28123E019DD005D5F0B /* Info.plist */,
			);
			path = iDiaryUITests;
			sourceTree = "<group>";
		};
		B5FED28D23E01ECF005D5F0B /* CoreDataModels */ = {
			isa = PBXGroup;
			children = (
				B5FED28E23E01EF0005D5F0B /* Diary.swift */,
				B5FED29023E0214F005D5F0B /* Contact.swift */,
				B5FED29223E021D4005D5F0B /* Photo.swift */,
				B5FED29423E0224D005D5F0B /* Location.swift */,
			);
			path = CoreDataModels;
			sourceTree = "<group>";
		};
		B5FED29623E0265B005D5F0B /* Views */ = {
			isa = PBXGroup;
			children = (
				B5FED26123E019D5005D5F0B /* HomeDiary.swift */,
				B5EF098C23E097F000EB5DEC /* TodayCard.swift */,
				B544C73923E16AA5009127F5 /* LocationSearch.swift */,
				B587119723E1CB89001DE6D9 /* ContactSearch.swift */,
			);
			path = Views;
			sourceTree = "<group>";
		};
		B5FED29723E0266A005D5F0B /* SubViews */ = {
			isa = PBXGroup;
			children = (
				B52B52A023E0292A005563F6 /* DiaryThumbnail.swift */,
				B52B52A223E03959005563F6 /* TodayCardButton.swift */,
				B538B8D123E05045003598C2 /* TodayCardThumbnail.swift */,
				B544C73F23E16CB3009127F5 /* LocationResultModel.swift */,
				B544C74123E16D21009127F5 /* PermissionDenied.swift */,
				B541A03423E191B6009B79AA /* LocationThumbailTodayCard.swift */,
				B587119B23E1CC9F001DE6D9 /* ContactRow.swift */,
				B587119D23E1E4F6001DE6D9 /* ContactThumbnailTodayCard.swift */,
			);
			path = SubViews;
			sourceTree = "<group>";
		};
/* End PBXGroup section */

/* Begin PBXNativeTarget section */
		B5FED25623E019D3005D5F0B /* iDiary */ = {
			isa = PBXNativeTarget;
			buildConfigurationList = B5FED28423E019DE005D5F0B /* Build configuration list for PBXNativeTarget "iDiary" */;
			buildPhases = (
				B5FED25323E019D3005D5F0B /* Sources */,
				B5FED25423E019D3005D5F0B /* Frameworks */,
				B5FED25523E019D3005D5F0B /* Resources */,
			);
			buildRules = (
			);
			dependencies = (
			);
			name = iDiary;
			productName = iDiary;
			productReference = B5FED25723E019D4005D5F0B /* iDiary.app */;
			productType = "com.apple.product-type.application";
		};
		B5FED26F23E019DD005D5F0B /* iDiaryTests */ = {
			isa = PBXNativeTarget;
			buildConfigurationList = B5FED28723E019DE005D5F0B /* Build configuration list for PBXNativeTarget "iDiaryTests" */;
			buildPhases = (
				B5FED26C23E019DD005D5F0B /* Sources */,
				B5FED26D23E019DD005D5F0B /* Frameworks */,
				B5FED26E23E019DD005D5F0B /* Resources */,
			);
			buildRules = (
			);
			dependencies = (
				B5FED27223E019DD005D5F0B /* PBXTargetDependency */,
			);
			name = iDiaryTests;
			productName = iDiaryTests;
			productReference = B5FED27023E019DD005D5F0B /* iDiaryTests.xctest */;
			productType = "com.apple.product-type.bundle.unit-test";
		};
		B5FED27A23E019DD005D5F0B /* iDiaryUITests */ = {
			isa = PBXNativeTarget;
			buildConfigurationList = B5FED28A23E019DE005D5F0B /* Build configuration list for PBXNativeTarget "iDiaryUITests" */;
			buildPhases = (
				B5FED27723E019DD005D5F0B /* Sources */,
				B5FED27823E019DD005D5F0B /* Frameworks */,
				B5FED27923E019DD005D5F0B /* Resources */,
			);
			buildRules = (
			);
			dependencies = (
				B5FED27D23E019DD005D5F0B /* PBXTargetDependency */,
			);
			name = iDiaryUITests;
			productName = iDiaryUITests;
			productReference = B5FED27B23E019DD005D5F0B /* iDiaryUITests.xctest */;
			productType = "com.apple.product-type.bundle.ui-testing";
		};
/* End PBXNativeTarget section */

/* Begin PBXProject section */
		B5FED24F23E019D1005D5F0B /* Project object */ = {
			isa = PBXProject;
			attributes = {
				LastSwiftUpdateCheck = 1130;
				LastUpgradeCheck = 1130;
				ORGANIZATIONNAME = "Bibin Benny";
				TargetAttributes = {
					B5FED25623E019D3005D5F0B = {
						CreatedOnToolsVersion = 11.3;
					};
					B5FED26F23E019DD005D5F0B = {
						CreatedOnToolsVersion = 11.3;
						TestTargetID = B5FED25623E019D3005D5F0B;
					};
					B5FED27A23E019DD005D5F0B = {
						CreatedOnToolsVersion = 11.3;
						TestTargetID = B5FED25623E019D3005D5F0B;
					};
				};
			};
			buildConfigurationList = B5FED25223E019D1005D5F0B /* Build configuration list for PBXProject "iDiary" */;
			compatibilityVersion = "Xcode 9.3";
			developmentRegion = en;
			hasScannedForEncodings = 0;
			knownRegions = (
				en,
				Base,
			);
			mainGroup = B5FED24E23E019D0005D5F0B;
			productRefGroup = B5FED25823E019D4005D5F0B /* Products */;
			projectDirPath = "";
			projectRoot = "";
			targets = (
				B5FED25623E019D3005D5F0B /* iDiary */,
				B5FED26F23E019DD005D5F0B /* iDiaryTests */,
				B5FED27A23E019DD005D5F0B /* iDiaryUITests */,
			);
		};
/* End PBXProject section */

/* Begin PBXResourcesBuildPhase section */
		B5FED25523E019D3005D5F0B /* Resources */ = {
			isa = PBXResourcesBuildPhase;
			buildActionMask = 2147483647;
			files = (
				B5FED26A23E019DC005D5F0B /* LaunchScreen.storyboard in Resources */,
				B5FED26723E019DC005D5F0B /* Preview Assets.xcassets in Resources */,
				B5FED26423E019DC005D5F0B /* Assets.xcassets in Resources */,
			);
			runOnlyForDeploymentPostprocessing = 0;
		};
		B5FED26E23E019DD005D5F0B /* Resources */ = {
			isa = PBXResourcesBuildPhase;
			buildActionMask = 2147483647;
			files = (
			);
			runOnlyForDeploymentPostprocessing = 0;
		};
		B5FED27923E019DD005D5F0B /* Resources */ = {
			isa = PBXResourcesBuildPhase;
			buildActionMask = 2147483647;
			files = (
			);
			runOnlyForDeploymentPostprocessing = 0;
		};
/* End PBXResourcesBuildPhase section */

/* Begin PBXSourcesBuildPhase section */
		B5FED25323E019D3005D5F0B /* Sources */ = {
			isa = PBXSourcesBuildPhase;
			buildActionMask = 2147483647;
			files = (
				B52B52A123E0292A005563F6 /* DiaryThumbnail.swift in Sources */,
				B587119A23E1CC09001DE6D9 /* Extensions.swift in Sources */,
				B544C73C23E16AE3009127F5 /* FetchPlacesClass.swift in Sources */,
				B544C73523E15287009127F5 /* FloatingButton.swift in Sources */,
				B52B52A323E03959005563F6 /* TodayCardButton.swift in Sources */,
				B541A03523E191B6009B79AA /* LocationThumbailTodayCard.swift in Sources */,
				B52B52A623E03D6C005563F6 /* SiriShortCutsNames.swift in Sources */,
				B5FED29323E021D4005D5F0B /* Photo.swift in Sources */,
				B5FED29123E0214F005D5F0B /* Contact.swift in Sources */,
				B544C73823E159D1009127F5 /* FloatButtonData.swift in Sources */,
				B5FED29523E0224D005D5F0B /* Location.swift in Sources */,
				B587119623E1CA75001DE6D9 /* ContactsFetcher.swift in Sources */,
				B544C73A23E16AA5009127F5 /* LocationSearch.swift in Sources */,
				B538B8D023E04103003598C2 /* OnAppearCheck.swift in Sources */,
				B544C74223E16D21009127F5 /* PermissionDenied.swift in Sources */,
				B544C74023E16CB3009127F5 /* LocationResultModel.swift in Sources */,
				B5FED25B23E019D4005D5F0B /* AppDelegate.swift in Sources */,
				B538B8D223E05045003598C2 /* TodayCardThumbnail.swift in Sources */,
				B5EF099023E099A900EB5DEC /* TextView.swift in Sources */,
				B587119C23E1CC9F001DE6D9 /* ContactRow.swift in Sources */,
				B5EF098D23E097F000EB5DEC /* TodayCard.swift in Sources */,
				B5FED28F23E01EF0005D5F0B /* Diary.swift in Sources */,
				B587119823E1CB89001DE6D9 /* ContactSearch.swift in Sources */,
				B5FED26023E019D4005D5F0B /* iDiary.xcdatamodeld in Sources */,
				B544C73E23E16B9A009127F5 /* LocationManager.swift in Sources */,
				B587119E23E1E4F6001DE6D9 /* ContactThumbnailTodayCard.swift in Sources */,
				B5FED26223E019D5005D5F0B /* HomeDiary.swift in Sources */,
				B5FED25D23E019D4005D5F0B /* SceneDelegate.swift in Sources */,
				B544C73223E147E3009127F5 /* Colours.swift in Sources */,
			);
			runOnlyForDeploymentPostprocessing = 0;
		};
		B5FED26C23E019DD005D5F0B /* Sources */ = {
			isa = PBXSourcesBuildPhase;
			buildActionMask = 2147483647;
			files = (
				B5FED27523E019DD005D5F0B /* iDiaryTests.swift in Sources */,
			);
			runOnlyForDeploymentPostprocessing = 0;
		};
		B5FED27723E019DD005D5F0B /* Sources */ = {
			isa = PBXSourcesBuildPhase;
			buildActionMask = 2147483647;
			files = (
				B5FED28023E019DD005D5F0B /* iDiaryUITests.swift in Sources */,
			);
			runOnlyForDeploymentPostprocessing = 0;
		};
/* End PBXSourcesBuildPhase section */

/* Begin PBXTargetDependency section */
		B5FED27223E019DD005D5F0B /* PBXTargetDependency */ = {
			isa = PBXTargetDependency;
			target = B5FED25623E019D3005D5F0B /* iDiary */;
			targetProxy = B5FED27123E019DD005D5F0B /* PBXContainerItemProxy */;
		};
		B5FED27D23E019DD005D5F0B /* PBXTargetDependency */ = {
			isa = PBXTargetDependency;
			target = B5FED25623E019D3005D5F0B /* iDiary */;
			targetProxy = B5FED27C23E019DD005D5F0B /* PBXContainerItemProxy */;
		};
/* End PBXTargetDependency section */

/* Begin PBXVariantGroup section */
		B5FED26823E019DC005D5F0B /* LaunchScreen.storyboard */ = {
			isa = PBXVariantGroup;
			children = (
				B5FED26923E019DC005D5F0B /* Base */,
			);
			name = LaunchScreen.storyboard;
			sourceTree = "<group>";
		};
/* End PBXVariantGroup section */

/* Begin XCBuildConfiguration section */
		B5FED28223E019DD005D5F0B /* Debug */ = {
			isa = XCBuildConfiguration;
			buildSettings = {
				ALWAYS_SEARCH_USER_PATHS = NO;
				CLANG_ANALYZER_NONNULL = YES;
				CLANG_ANALYZER_NUMBER_OBJECT_CONVERSION = YES_AGGRESSIVE;
				CLANG_CXX_LANGUAGE_STANDARD = "gnu++14";
				CLANG_CXX_LIBRARY = "libc++";
				CLANG_ENABLE_MODULES = YES;
				CLANG_ENABLE_OBJC_ARC = YES;
				CLANG_ENABLE_OBJC_WEAK = YES;
				CLANG_WARN_BLOCK_CAPTURE_AUTORELEASING = YES;
				CLANG_WARN_BOOL_CONVERSION = YES;
				CLANG_WARN_COMMA = YES;
				CLANG_WARN_CONSTANT_CONVERSION = YES;
				CLANG_WARN_DEPRECATED_OBJC_IMPLEMENTATIONS = YES;
				CLANG_WARN_DIRECT_OBJC_ISA_USAGE = YES_ERROR;
				CLANG_WARN_DOCUMENTATION_COMMENTS = YES;
				CLANG_WARN_EMPTY_BODY = YES;
				CLANG_WARN_ENUM_CONVERSION = YES;
				CLANG_WARN_INFINITE_RECURSION = YES;
				CLANG_WARN_INT_CONVERSION = YES;
				CLANG_WARN_NON_LITERAL_NULL_CONVERSION = YES;
				CLANG_WARN_OBJC_IMPLICIT_RETAIN_SELF = YES;
				CLANG_WARN_OBJC_LITERAL_CONVERSION = YES;
				CLANG_WARN_OBJC_ROOT_CLASS = YES_ERROR;
				CLANG_WARN_RANGE_LOOP_ANALYSIS = YES;
				CLANG_WARN_STRICT_PROTOTYPES = YES;
				CLANG_WARN_SUSPICIOUS_MOVE = YES;
				CLANG_WARN_UNGUARDED_AVAILABILITY = YES_AGGRESSIVE;
				CLANG_WARN_UNREACHABLE_CODE = YES;
				CLANG_WARN__DUPLICATE_METHOD_MATCH = YES;
				COPY_PHASE_STRIP = NO;
				DEBUG_INFORMATION_FORMAT = dwarf;
				ENABLE_STRICT_OBJC_MSGSEND = YES;
				ENABLE_TESTABILITY = YES;
				GCC_C_LANGUAGE_STANDARD = gnu11;
				GCC_DYNAMIC_NO_PIC = NO;
				GCC_NO_COMMON_BLOCKS = YES;
				GCC_OPTIMIZATION_LEVEL = 0;
				GCC_PREPROCESSOR_DEFINITIONS = (
					"DEBUG=1",
					"$(inherited)",
				);
				GCC_WARN_64_TO_32_BIT_CONVERSION = YES;
				GCC_WARN_ABOUT_RETURN_TYPE = YES_ERROR;
				GCC_WARN_UNDECLARED_SELECTOR = YES;
				GCC_WARN_UNINITIALIZED_AUTOS = YES_AGGRESSIVE;
				GCC_WARN_UNUSED_FUNCTION = YES;
				GCC_WARN_UNUSED_VARIABLE = YES;
				IPHONEOS_DEPLOYMENT_TARGET = 13.2;
				MTL_ENABLE_DEBUG_INFO = INCLUDE_SOURCE;
				MTL_FAST_MATH = YES;
				ONLY_ACTIVE_ARCH = YES;
				SDKROOT = iphoneos;
				SWIFT_ACTIVE_COMPILATION_CONDITIONS = DEBUG;
				SWIFT_OPTIMIZATION_LEVEL = "-Onone";
			};
			name = Debug;
		};
		B5FED28323E019DD005D5F0B /* Release */ = {
			isa = XCBuildConfiguration;
			buildSettings = {
				ALWAYS_SEARCH_USER_PATHS = NO;
				CLANG_ANALYZER_NONNULL = YES;
				CLANG_ANALYZER_NUMBER_OBJECT_CONVERSION = YES_AGGRESSIVE;
				CLANG_CXX_LANGUAGE_STANDARD = "gnu++14";
				CLANG_CXX_LIBRARY = "libc++";
				CLANG_ENABLE_MODULES = YES;
				CLANG_ENABLE_OBJC_ARC = YES;
				CLANG_ENABLE_OBJC_WEAK = YES;
				CLANG_WARN_BLOCK_CAPTURE_AUTORELEASING = YES;
				CLANG_WARN_BOOL_CONVERSION = YES;
				CLANG_WARN_COMMA = YES;
				CLANG_WARN_CONSTANT_CONVERSION = YES;
				CLANG_WARN_DEPRECATED_OBJC_IMPLEMENTATIONS = YES;
				CLANG_WARN_DIRECT_OBJC_ISA_USAGE = YES_ERROR;
				CLANG_WARN_DOCUMENTATION_COMMENTS = YES;
				CLANG_WARN_EMPTY_BODY = YES;
				CLANG_WARN_ENUM_CONVERSION = YES;
				CLANG_WARN_INFINITE_RECURSION = YES;
				CLANG_WARN_INT_CONVERSION = YES;
				CLANG_WARN_NON_LITERAL_NULL_CONVERSION = YES;
				CLANG_WARN_OBJC_IMPLICIT_RETAIN_SELF = YES;
				CLANG_WARN_OBJC_LITERAL_CONVERSION = YES;
				CLANG_WARN_OBJC_ROOT_CLASS = YES_ERROR;
				CLANG_WARN_RANGE_LOOP_ANALYSIS = YES;
				CLANG_WARN_STRICT_PROTOTYPES = YES;
				CLANG_WARN_SUSPICIOUS_MOVE = YES;
				CLANG_WARN_UNGUARDED_AVAILABILITY = YES_AGGRESSIVE;
				CLANG_WARN_UNREACHABLE_CODE = YES;
				CLANG_WARN__DUPLICATE_METHOD_MATCH = YES;
				COPY_PHASE_STRIP = NO;
				DEBUG_INFORMATION_FORMAT = "dwarf-with-dsym";
				ENABLE_NS_ASSERTIONS = NO;
				ENABLE_STRICT_OBJC_MSGSEND = YES;
				GCC_C_LANGUAGE_STANDARD = gnu11;
				GCC_NO_COMMON_BLOCKS = YES;
				GCC_WARN_64_TO_32_BIT_CONVERSION = YES;
				GCC_WARN_ABOUT_RETURN_TYPE = YES_ERROR;
				GCC_WARN_UNDECLARED_SELECTOR = YES;
				GCC_WARN_UNINITIALIZED_AUTOS = YES_AGGRESSIVE;
				GCC_WARN_UNUSED_FUNCTION = YES;
				GCC_WARN_UNUSED_VARIABLE = YES;
				IPHONEOS_DEPLOYMENT_TARGET = 13.2;
				MTL_ENABLE_DEBUG_INFO = NO;
				MTL_FAST_MATH = YES;
				SDKROOT = iphoneos;
				SWIFT_COMPILATION_MODE = wholemodule;
				SWIFT_OPTIMIZATION_LEVEL = "-O";
				VALIDATE_PRODUCT = YES;
			};
			name = Release;
		};
		B5FED28523E019DE005D5F0B /* Debug */ = {
			isa = XCBuildConfiguration;
			buildSettings = {
				ASSETCATALOG_COMPILER_APPICON_NAME = AppIcon;
				CODE_SIGN_STYLE = Automatic;
				DEVELOPMENT_ASSET_PATHS = "\"iDiary/Preview Content\"";
				DEVELOPMENT_TEAM = 8793HAT2QD;
				ENABLE_PREVIEWS = YES;
				INFOPLIST_FILE = iDiary/Info.plist;
				LD_RUNPATH_SEARCH_PATHS = (
					"$(inherited)",
					"@executable_path/Frameworks",
				);
				PRODUCT_BUNDLE_IDENTIFIER = com.december.idiary.iDiary;
				PRODUCT_NAME = "$(TARGET_NAME)";
				SWIFT_VERSION = 5.0;
				TARGETED_DEVICE_FAMILY = "1,2";
			};
			name = Debug;
		};
		B5FED28623E019DE005D5F0B /* Release */ = {
			isa = XCBuildConfiguration;
			buildSettings = {
				ASSETCATALOG_COMPILER_APPICON_NAME = AppIcon;
				CODE_SIGN_STYLE = Automatic;
				DEVELOPMENT_ASSET_PATHS = "\"iDiary/Preview Content\"";
				DEVELOPMENT_TEAM = 8793HAT2QD;
				ENABLE_PREVIEWS = YES;
				INFOPLIST_FILE = iDiary/Info.plist;
				LD_RUNPATH_SEARCH_PATHS = (
					"$(inherited)",
					"@executable_path/Frameworks",
				);
				PRODUCT_BUNDLE_IDENTIFIER = com.december.idiary.iDiary;
				PRODUCT_NAME = "$(TARGET_NAME)";
				SWIFT_VERSION = 5.0;
				TARGETED_DEVICE_FAMILY = "1,2";
			};
			name = Release;
		};
		B5FED28823E019DE005D5F0B /* Debug */ = {
			isa = XCBuildConfiguration;
			buildSettings = {
				ALWAYS_EMBED_SWIFT_STANDARD_LIBRARIES = YES;
				BUNDLE_LOADER = "$(TEST_HOST)";
				CODE_SIGN_STYLE = Automatic;
				DEVELOPMENT_TEAM = 8793HAT2QD;
				INFOPLIST_FILE = iDiaryTests/Info.plist;
				IPHONEOS_DEPLOYMENT_TARGET = 13.2;
				LD_RUNPATH_SEARCH_PATHS = (
					"$(inherited)",
					"@executable_path/Frameworks",
					"@loader_path/Frameworks",
				);
				PRODUCT_BUNDLE_IDENTIFIER = com.december.idiary.iDiaryTests;
				PRODUCT_NAME = "$(TARGET_NAME)";
				SWIFT_VERSION = 5.0;
				TARGETED_DEVICE_FAMILY = "1,2";
				TEST_HOST = "$(BUILT_PRODUCTS_DIR)/iDiary.app/iDiary";
			};
			name = Debug;
		};
		B5FED28923E019DE005D5F0B /* Release */ = {
			isa = XCBuildConfiguration;
			buildSettings = {
				ALWAYS_EMBED_SWIFT_STANDARD_LIBRARIES = YES;
				BUNDLE_LOADER = "$(TEST_HOST)";
				CODE_SIGN_STYLE = Automatic;
				DEVELOPMENT_TEAM = 8793HAT2QD;
				INFOPLIST_FILE = iDiaryTests/Info.plist;
				IPHONEOS_DEPLOYMENT_TARGET = 13.2;
				LD_RUNPATH_SEARCH_PATHS = (
					"$(inherited)",
					"@executable_path/Frameworks",
					"@loader_path/Frameworks",
				);
				PRODUCT_BUNDLE_IDENTIFIER = com.december.idiary.iDiaryTests;
				PRODUCT_NAME = "$(TARGET_NAME)";
				SWIFT_VERSION = 5.0;
				TARGETED_DEVICE_FAMILY = "1,2";
				TEST_HOST = "$(BUILT_PRODUCTS_DIR)/iDiary.app/iDiary";
			};
			name = Release;
		};
		B5FED28B23E019DE005D5F0B /* Debug */ = {
			isa = XCBuildConfiguration;
			buildSettings = {
				ALWAYS_EMBED_SWIFT_STANDARD_LIBRARIES = YES;
				CODE_SIGN_STYLE = Automatic;
				DEVELOPMENT_TEAM = 8793HAT2QD;
				INFOPLIST_FILE = iDiaryUITests/Info.plist;
				LD_RUNPATH_SEARCH_PATHS = (
					"$(inherited)",
					"@executable_path/Frameworks",
					"@loader_path/Frameworks",
				);
				PRODUCT_BUNDLE_IDENTIFIER = com.december.idiary.iDiaryUITests;
				PRODUCT_NAME = "$(TARGET_NAME)";
				SWIFT_VERSION = 5.0;
				TARGETED_DEVICE_FAMILY = "1,2";
				TEST_TARGET_NAME = iDiary;
			};
			name = Debug;
		};
		B5FED28C23E019DE005D5F0B /* Release */ = {
			isa = XCBuildConfiguration;
			buildSettings = {
				ALWAYS_EMBED_SWIFT_STANDARD_LIBRARIES = YES;
				CODE_SIGN_STYLE = Automatic;
				DEVELOPMENT_TEAM = 8793HAT2QD;
				INFOPLIST_FILE = iDiaryUITests/Info.plist;
				LD_RUNPATH_SEARCH_PATHS = (
					"$(inherited)",
					"@executable_path/Frameworks",
					"@loader_path/Frameworks",
				);
				PRODUCT_BUNDLE_IDENTIFIER = com.december.idiary.iDiaryUITests;
				PRODUCT_NAME = "$(TARGET_NAME)";
				SWIFT_VERSION = 5.0;
				TARGETED_DEVICE_FAMILY = "1,2";
				TEST_TARGET_NAME = iDiary;
			};
			name = Release;
		};
/* End XCBuildConfiguration section */

/* Begin XCConfigurationList section */
		B5FED25223E019D1005D5F0B /* Build configuration list for PBXProject "iDiary" */ = {
			isa = XCConfigurationList;
			buildConfigurations = (
				B5FED28223E019DD005D5F0B /* Debug */,
				B5FED28323E019DD005D5F0B /* Release */,
			);
			defaultConfigurationIsVisible = 0;
			defaultConfigurationName = Release;
		};
		B5FED28423E019DE005D5F0B /* Build configuration list for PBXNativeTarget "iDiary" */ = {
			isa = XCConfigurationList;
			buildConfigurations = (
				B5FED28523E019DE005D5F0B /* Debug */,
				B5FED28623E019DE005D5F0B /* Release */,
			);
			defaultConfigurationIsVisible = 0;
			defaultConfigurationName = Release;
		};
		B5FED28723E019DE005D5F0B /* Build configuration list for PBXNativeTarget "iDiaryTests" */ = {
			isa = XCConfigurationList;
			buildConfigurations = (
				B5FED28823E019DE005D5F0B /* Debug */,
				B5FED28923E019DE005D5F0B /* Release */,
			);
			defaultConfigurationIsVisible = 0;
			defaultConfigurationName = Release;
		};
		B5FED28A23E019DE005D5F0B /* Build configuration list for PBXNativeTarget "iDiaryUITests" */ = {
			isa = XCConfigurationList;
			buildConfigurations = (
				B5FED28B23E019DE005D5F0B /* Debug */,
				B5FED28C23E019DE005D5F0B /* Release */,
			);
			defaultConfigurationIsVisible = 0;
			defaultConfigurationName = Release;
		};
/* End XCConfigurationList section */

/* Begin XCVersionGroup section */
		B5FED25E23E019D4005D5F0B /* iDiary.xcdatamodeld */ = {
			isa = XCVersionGroup;
			children = (
				B5FED25F23E019D4005D5F0B /* iDiary.xcdatamodel */,
			);
			currentVersion = B5FED25F23E019D4005D5F0B /* iDiary.xcdatamodel */;
			path = iDiary.xcdatamodeld;
			sourceTree = "<group>";
			versionGroupType = wrapper.xcdatamodel;
		};
/* End XCVersionGroup section */
	};
	rootObject = B5FED24F23E019D1005D5F0B /* Project object */;
}
